# This file is automatically @generated by Cargo.
# It is not intended for manual editing.
version = 3

[[package]]
name = "chap10"
version = "0.1.0"

[[package]]
name = "chap11"
version = "0.1.0"

[[package]]
name = "chap12"
version = "0.1.0"

[[package]]
name = "chap13"
version = "0.1.0"

[[package]]
name = "chap14"
version = "0.1.0"

[[package]]
name = "chap15"
version = "0.1.0"

[[package]]
name = "chap16"
version = "0.1.0"

[[package]]
name = "chap3"
version = "0.1.0"

[[package]]
name = "chap4"
version = "0.1.0"

[[package]]
name = "chap5"
version = "0.1.0"

[[package]]
name = "chap6"
version = "0.1.0"

[[package]]
name = "chap7"
version = "0.1.0"

[[package]]
name = "chap8"
version = "0.1.0"

[[package]]
name = "chap9"
version = "0.1.0"
